
Microsoft Visual Studio Solution File, Format Version 12.00
# Visual Studio Version 16
VisualStudioVersion = 16.0.31005.135
MinimumVisualStudioVersion = 10.0.40219.1
Project("{2150E333-8FDC-42A3-9474-1A3956D46DE8}") = "Solution Items", "Solution Items", "{B5CABD59-540F-4FA8-B8A3-17B419172AE8}"
EndProject
Project("{FAE04EC0-301F-11D3-BF4B-00C04F79EFBC}") = "ECS.LegacyCore", "ECS.LegacyCore\ECS.LegacyCore.csproj", "{FDA44171-10CF-4A3B-B47C-F751E311EA7C}"
EndProject
Project("{9A19103F-16F7-4668-BE54-9A1E7A4F7556}") = "ECS.Test.Core", "ECS.Test.Core\ECS.Test.Core.csproj", "{C9CF207F-E393-43F4-A416-834E36923190}"
EndProject
Global
	GlobalSection(SolutionConfigurationPlatforms) = preSolution
		Debug|Any CPU = Debug|Any CPU
		Release|Any CPU = Release|Any CPU
	EndGlobalSection
	GlobalSection(ProjectConfigurationPlatforms) = postSolution
		{FDA44171-10CF-4A3B-B47C-F751E311EA7C}.Debug|Any CPU.ActiveCfg = Debug|Any CPU
		{FDA44171-10CF-4A3B-B47C-F751E311EA7C}.Debug|Any CPU.Build.0 = Debug|Any CPU
		{FDA44171-10CF-4A3B-B47C-F751E311EA7C}.Release|Any CPU.ActiveCfg = Release|Any CPU
		{FDA44171-10CF-4A3B-B47C-F751E311EA7C}.Release|Any CPU.Build.0 = Release|Any CPU
		{C9CF207F-E393-43F4-A416-834E36923190}.Debug|Any CPU.ActiveCfg = Debug|Any CPU
		{C9CF207F-E393-43F4-A416-834E36923190}.Debug|Any CPU.Build.0 = Debug|Any CPU
		{C9CF207F-E393-43F4-A416-834E36923190}.Release|Any CPU.ActiveCfg = Release|Any CPU
		{C9CF207F-E393-43F4-A416-834E36923190}.Release|Any CPU.Build.0 = Release|Any CPU
	EndGlobalSection
	GlobalSection(SolutionProperties) = preSolution
		HideSolutionNode = FALSE
	EndGlobalSection
	GlobalSection(ExtensibilityGlobals) = postSolution
		SolutionGuid = {7F7BC5D2-AA82-410A-87A8-18D0BD0A50D4}
	EndGlobalSection
EndGlobal
